# Code generated by scarb DO NOT EDIT.
version = 1

[[package]]
name = "fossil_store"
version = "0.1.0"
dependencies = [
 "fp",
 "openzeppelin_access",
 "openzeppelin_upgrades",
 "snforge_std",
 "verifier",
]

[[package]]
name = "fp"
version = "0.1.4"
source = "registry+https://scarbs.xyz/"
checksum = "sha256:f636c02dfcb0fd321cd865c3ef0d5d352c7e27e4e21a2c3ad5836ab0d2511236"

[[package]]
name = "garaga"
version = "0.18.1"
source = "git+https://github.com/keep-starknet-strange/garaga.git?branch=main#0e986ba5133c16a30ac86a7cd07c9551787d0e91"

[[package]]
name = "l1_message_proxy"
version = "0.1.0"
dependencies = [
 "fossil_store",
 "openzeppelin_access",
 "openzeppelin_upgrades",
 "snforge_std",
]

[[package]]
name = "openzeppelin_access"
version = "2.0.0"
source = "registry+https://scarbs.xyz/"
checksum = "sha256:511681dd26d814ee2bc996d44ff8cb4aaa5ae9d14272130def7eb901cf004850"
dependencies = [
 "openzeppelin_introspection",
]

[[package]]
name = "openzeppelin_introspection"
version = "2.0.0"
source = "registry+https://scarbs.xyz/"
checksum = "sha256:87773ed6cd2318f169283ecbbb161890d1996260a80302d81ec45b70ee5e54c1"

[[package]]
name = "openzeppelin_upgrades"
version = "2.0.0"
source = "registry+https://scarbs.xyz/"
checksum = "sha256:560d57a9c3f3ec5a476e82fec8963c93c8df63a4ff9ff134f64ab8383bde3c61"

[[package]]
name = "snforge_scarb_plugin"
version = "0.47.0"
source = "registry+https://scarbs.xyz/"
checksum = "sha256:3525e4502541043571678531fced28f753746cb59a8aa79811811218abef6c05"

[[package]]
name = "snforge_std"
version = "0.47.0"
source = "registry+https://scarbs.xyz/"
checksum = "sha256:b8647adcd0f5c9631f88b5a523b2653a82f2349dde2af7213c75f1006fa3f71b"
dependencies = [
 "snforge_scarb_plugin",
]

[[package]]
name = "verifier"
version = "0.1.0"
dependencies = [
 "fossil_store",
 "garaga",
 "openzeppelin_access",
 "openzeppelin_upgrades",
 "snforge_std",
]
