# Code generated by scarb DO NOT EDIT.
version = 1

[[package]]
name = "garaga"
version = "0.1.0"
source = "git+https://github.com/keep-starknet-strange/garaga.git?rev=65a2fad#65a2fad47069c67d15e6745845b542bba8d61b92"

[[package]]
name = "l1_message_proxy"
version = "0.1.0"
dependencies = [
 "snforge_std",
 "store",
]

[[package]]
name = "snforge_scarb_plugin"
version = "0.32.0"
source = "registry+https://scarbs.xyz/"
checksum = "sha256:e5a0e80294b1f5f00955c614ee3fc94c843ff0d27935693c3598d0ac8d79250a"

[[package]]
name = "snforge_std"
version = "0.32.0"
source = "registry+https://scarbs.xyz/"
checksum = "sha256:0e3cb45c6276334fd142a77212f0592d55744f1c022b7a63f20bcd79d0ce3927"
dependencies = [
 "snforge_scarb_plugin",
]

[[package]]
name = "store"
version = "0.1.0"
dependencies = [
 "snforge_std",
]

[[package]]
name = "verifier"
version = "0.1.0"
dependencies = [
 "garaga",
 "snforge_std",
]
